// !$*UTF8*$!
{
	archiveVersion = 1;
	classes = {
	};
	objectVersion = 51;
	objects = {

/* Begin PBXBuildFile section */
		36777789E71E82F45FC77741 /* Pods_NewsFeed_NewsFeedUITests.framework in Frameworks */ = {isa = PBXBuildFile; fileRef = 8E1D8F25C558C6F6A81EF443 /* Pods_NewsFeed_NewsFeedUITests.framework */; };
		5407CF28D2C8FD5CC3DB4274 /* Pods_NewsFeed.framework in Frameworks */ = {isa = PBXBuildFile; fileRef = C5D337B01593C8166D3B5444 /* Pods_NewsFeed.framework */; };
		553980DBC64FFBD919A688FA /* Pods_NewsFeedTests.framework in Frameworks */ = {isa = PBXBuildFile; fileRef = E1B4B154C8D53FBE979FF8C5 /* Pods_NewsFeedTests.framework */; };
		B655B18F265514AD00A59389 /* AccountManager.swift in Sources */ = {isa = PBXBuildFile; fileRef = B655B18E265514AD00A59389 /* AccountManager.swift */; };
		B655B1942655179E00A59389 /* BaseViewController.swift in Sources */ = {isa = PBXBuildFile; fileRef = B655B1932655179E00A59389 /* BaseViewController.swift */; };
		B659134226531CCB0053046C /* AppDelegate.swift in Sources */ = {isa = PBXBuildFile; fileRef = B659134126531CCB0053046C /* AppDelegate.swift */; };
		B659134426531CCB0053046C /* SceneDelegate.swift in Sources */ = {isa = PBXBuildFile; fileRef = B659134326531CCB0053046C /* SceneDelegate.swift */; };
		B659134626531CCB0053046C /* SignUpViewController.swift in Sources */ = {isa = PBXBuildFile; fileRef = B659134526531CCB0053046C /* SignUpViewController.swift */; };
		B659134926531CCB0053046C /* Main.storyboard in Resources */ = {isa = PBXBuildFile; fileRef = B659134726531CCB0053046C /* Main.storyboard */; };
		B659134B26531CCC0053046C /* Assets.xcassets in Resources */ = {isa = PBXBuildFile; fileRef = B659134A26531CCC0053046C /* Assets.xcassets */; };
		B659134E26531CCC0053046C /* LaunchScreen.storyboard in Resources */ = {isa = PBXBuildFile; fileRef = B659134C26531CCC0053046C /* LaunchScreen.storyboard */; };
		B659135926531CCC0053046C /* NewsFeedTests.swift in Sources */ = {isa = PBXBuildFile; fileRef = B659135826531CCC0053046C /* NewsFeedTests.swift */; };
		B659136426531CCC0053046C /* NewsFeedUITests.swift in Sources */ = {isa = PBXBuildFile; fileRef = B659136326531CCC0053046C /* NewsFeedUITests.swift */; };
		B6E8D98A265426FA00796480 /* Inter-Medium.ttf in Resources */ = {isa = PBXBuildFile; fileRef = B6E8D981265426FA00796480 /* Inter-Medium.ttf */; };
		B6E8D98B265426FA00796480 /* Inter-ExtraBold.ttf in Resources */ = {isa = PBXBuildFile; fileRef = B6E8D982265426FA00796480 /* Inter-ExtraBold.ttf */; };
		B6E8D98C265426FA00796480 /* Inter-Regular.ttf in Resources */ = {isa = PBXBuildFile; fileRef = B6E8D983265426FA00796480 /* Inter-Regular.ttf */; };
		B6E8D98D265426FA00796480 /* Inter-SemiBold.ttf in Resources */ = {isa = PBXBuildFile; fileRef = B6E8D984265426FA00796480 /* Inter-SemiBold.ttf */; };
		B6E8D98E265426FA00796480 /* Inter-Black.ttf in Resources */ = {isa = PBXBuildFile; fileRef = B6E8D985265426FA00796480 /* Inter-Black.ttf */; };
		B6E8D98F265426FA00796480 /* Inter-ExtraLight.ttf in Resources */ = {isa = PBXBuildFile; fileRef = B6E8D986265426FA00796480 /* Inter-ExtraLight.ttf */; };
		B6E8D990265426FA00796480 /* Inter-Bold.ttf in Resources */ = {isa = PBXBuildFile; fileRef = B6E8D987265426FA00796480 /* Inter-Bold.ttf */; };
		B6E8D991265426FA00796480 /* Inter-Thin.ttf in Resources */ = {isa = PBXBuildFile; fileRef = B6E8D988265426FA00796480 /* Inter-Thin.ttf */; };
		B6E8D992265426FA00796480 /* Inter-Light.ttf in Resources */ = {isa = PBXBuildFile; fileRef = B6E8D989265426FA00796480 /* Inter-Light.ttf */; };
		B6E8D9A82654272900796480 /* SF-Pro-Text-RegularItalic.otf in Resources */ = {isa = PBXBuildFile; fileRef = B6E8D9962654272800796480 /* SF-Pro-Text-RegularItalic.otf */; };
		B6E8D9A92654272900796480 /* SF-Pro-Text-MediumItalic.otf in Resources */ = {isa = PBXBuildFile; fileRef = B6E8D9972654272800796480 /* SF-Pro-Text-MediumItalic.otf */; };
		B6E8D9AA2654272900796480 /* SF-Pro-Text-Thin.otf in Resources */ = {isa = PBXBuildFile; fileRef = B6E8D9982654272800796480 /* SF-Pro-Text-Thin.otf */; };
		B6E8D9AB2654272900796480 /* SF-Pro-Text-LightItalic.otf in Resources */ = {isa = PBXBuildFile; fileRef = B6E8D9992654272800796480 /* SF-Pro-Text-LightItalic.otf */; };
		B6E8D9AC2654272900796480 /* SF-Pro-Text-Light.otf in Resources */ = {isa = PBXBuildFile; fileRef = B6E8D99A2654272800796480 /* SF-Pro-Text-Light.otf */; };
		B6E8D9AD2654272900796480 /* SF-Pro-Text-Semibold.otf in Resources */ = {isa = PBXBuildFile; fileRef = B6E8D99B2654272800796480 /* SF-Pro-Text-Semibold.otf */; };
		B6E8D9AE2654272900796480 /* SF-Pro-Text-Heavy.otf in Resources */ = {isa = PBXBuildFile; fileRef = B6E8D99C2654272900796480 /* SF-Pro-Text-Heavy.otf */; };
		B6E8D9AF2654272900796480 /* SF-Pro-Text-Medium.otf in Resources */ = {isa = PBXBuildFile; fileRef = B6E8D99D2654272900796480 /* SF-Pro-Text-Medium.otf */; };
		B6E8D9B02654272900796480 /* SF-Pro-Text-HeavyItalic.otf in Resources */ = {isa = PBXBuildFile; fileRef = B6E8D99E2654272900796480 /* SF-Pro-Text-HeavyItalic.otf */; };
		B6E8D9B12654272900796480 /* SF-Pro-Text-BlackItalic.otf in Resources */ = {isa = PBXBuildFile; fileRef = B6E8D99F2654272900796480 /* SF-Pro-Text-BlackItalic.otf */; };
		B6E8D9B22654272900796480 /* SF-Pro-Text-SemiboldItalic.otf in Resources */ = {isa = PBXBuildFile; fileRef = B6E8D9A02654272900796480 /* SF-Pro-Text-SemiboldItalic.otf */; };
		B6E8D9B32654272900796480 /* SF-Pro-Text-UltralightItalic.otf in Resources */ = {isa = PBXBuildFile; fileRef = B6E8D9A12654272900796480 /* SF-Pro-Text-UltralightItalic.otf */; };
		B6E8D9B42654272900796480 /* SF-Pro-Text-Bold.otf in Resources */ = {isa = PBXBuildFile; fileRef = B6E8D9A22654272900796480 /* SF-Pro-Text-Bold.otf */; };
		B6E8D9B52654272900796480 /* SF-Pro-Text-Black.otf in Resources */ = {isa = PBXBuildFile; fileRef = B6E8D9A32654272900796480 /* SF-Pro-Text-Black.otf */; };
		B6E8D9B62654272900796480 /* SF-Pro-Text-BoldItalic.otf in Resources */ = {isa = PBXBuildFile; fileRef = B6E8D9A42654272900796480 /* SF-Pro-Text-BoldItalic.otf */; };
		B6E8D9B72654272900796480 /* SF-Pro-Text-ThinItalic.otf in Resources */ = {isa = PBXBuildFile; fileRef = B6E8D9A52654272900796480 /* SF-Pro-Text-ThinItalic.otf */; };
		B6E8D9B82654272900796480 /* SF-Pro-Text-Ultralight.otf in Resources */ = {isa = PBXBuildFile; fileRef = B6E8D9A62654272900796480 /* SF-Pro-Text-Ultralight.otf */; };
		B6E8D9B92654272900796480 /* SF-Pro-Text-Regular.otf in Resources */ = {isa = PBXBuildFile; fileRef = B6E8D9A72654272900796480 /* SF-Pro-Text-Regular.otf */; };
		B6E8D9BE26542BD400796480 /* View+Extensions.swift in Sources */ = {isa = PBXBuildFile; fileRef = B6E8D9BD26542BD400796480 /* View+Extensions.swift */; };
		B6E8D9C626543ADD00796480 /* LogInViewController.swift in Sources */ = {isa = PBXBuildFile; fileRef = B6E8D9C526543ADD00796480 /* LogInViewController.swift */; };
		B6E8D9CB26543B8000796480 /* FeedViewController.swift in Sources */ = {isa = PBXBuildFile; fileRef = B6E8D9CA26543B8000796480 /* FeedViewController.swift */; };
		B6E8D9E22654631B00796480 /* GetFeeds.graphql in Resources */ = {isa = PBXBuildFile; fileRef = B6E8D9E12654631B00796480 /* GetFeeds.graphql */; };
		B6E8D9ED265465BE00796480 /* GraphQLAPI.swift in Sources */ = {isa = PBXBuildFile; fileRef = B6E8D9EC265465BE00796480 /* GraphQLAPI.swift */; };
		B6E8D9F22654667600796480 /* GraphqlNetwork.swift in Sources */ = {isa = PBXBuildFile; fileRef = B6E8D9F12654667600796480 /* GraphqlNetwork.swift */; };
		B6E8D9FA2654685200796480 /* FeedService.swift in Sources */ = {isa = PBXBuildFile; fileRef = B6E8D9F92654685200796480 /* FeedService.swift */; };
		B6E8DA072654732400796480 /* FeedViewModel.swift in Sources */ = {isa = PBXBuildFile; fileRef = B6E8DA062654732400796480 /* FeedViewModel.swift */; };
		B6E8DA0D2654754600796480 /* FeedTableViewCell.swift in Sources */ = {isa = PBXBuildFile; fileRef = B6E8DA0C2654754600796480 /* FeedTableViewCell.swift */; };
		B6E8DA15265475DA00796480 /* FeedCellViewModel.swift in Sources */ = {isa = PBXBuildFile; fileRef = B6E8DA14265475DA00796480 /* FeedCellViewModel.swift */; };
		B6E8DA1A2654851300796480 /* SignUp.graphql in Resources */ = {isa = PBXBuildFile; fileRef = B6E8DA192654851300796480 /* SignUp.graphql */; };
		B6E8DA1F265485EF00796480 /* SignUpService.swift in Sources */ = {isa = PBXBuildFile; fileRef = B6E8DA1E265485EF00796480 /* SignUpService.swift */; };
		B6E8DA2E26548BA300796480 /* Validator.swift in Sources */ = {isa = PBXBuildFile; fileRef = B6E8DA2D26548BA300796480 /* Validator.swift */; };
		B6E8DA3326548C4C00796480 /* SignUpViewModel.swift in Sources */ = {isa = PBXBuildFile; fileRef = B6E8DA3226548C4C00796480 /* SignUpViewModel.swift */; };
		B6E8DA382654946700796480 /* LogIn.graphql in Resources */ = {isa = PBXBuildFile; fileRef = B6E8DA372654946600796480 /* LogIn.graphql */; };
		B6E8DA3D265494BD00796480 /* LogInService.swift in Sources */ = {isa = PBXBuildFile; fileRef = B6E8DA3C265494BD00796480 /* LogInService.swift */; };
		B6E8DA422654967A00796480 /* LogInViewModel.swift in Sources */ = {isa = PBXBuildFile; fileRef = B6E8DA412654967A00796480 /* LogInViewModel.swift */; };
/* End PBXBuildFile section */

/* Begin PBXContainerItemProxy section */
		B659135526531CCC0053046C /* PBXContainerItemProxy */ = {
			isa = PBXContainerItemProxy;
			containerPortal = B659133626531CCA0053046C /* Project object */;
			proxyType = 1;
			remoteGlobalIDString = B659133D26531CCB0053046C;
			remoteInfo = NewsFeed;
		};
		B659136026531CCC0053046C /* PBXContainerItemProxy */ = {
			isa = PBXContainerItemProxy;
			containerPortal = B659133626531CCA0053046C /* Project object */;
			proxyType = 1;
			remoteGlobalIDString = B659133D26531CCB0053046C;
			remoteInfo = NewsFeed;
		};
/* End PBXContainerItemProxy section */

/* Begin PBXFileReference section */
		271A395EEFA981E3197C80BF /* Pods-NewsFeed.debug.xcconfig */ = {isa = PBXFileReference; includeInIndex = 1; lastKnownFileType = text.xcconfig; name = "Pods-NewsFeed.debug.xcconfig"; path = "Target Support Files/Pods-NewsFeed/Pods-NewsFeed.debug.xcconfig"; sourceTree = "<group>"; };
		47045D9352D147D28E110B1C /* Pods-NewsFeedTests.debug.xcconfig */ = {isa = PBXFileReference; includeInIndex = 1; lastKnownFileType = text.xcconfig; name = "Pods-NewsFeedTests.debug.xcconfig"; path = "Target Support Files/Pods-NewsFeedTests/Pods-NewsFeedTests.debug.xcconfig"; sourceTree = "<group>"; };
		4F1BED3A7E2042B20E7F860C /* Pods-NewsFeed.release.xcconfig */ = {isa = PBXFileReference; includeInIndex = 1; lastKnownFileType = text.xcconfig; name = "Pods-NewsFeed.release.xcconfig"; path = "Target Support Files/Pods-NewsFeed/Pods-NewsFeed.release.xcconfig"; sourceTree = "<group>"; };
		8B55BA9BCA5A482BB5004AA4 /* Pods-NewsFeed-NewsFeedUITests.release.xcconfig */ = {isa = PBXFileReference; includeInIndex = 1; lastKnownFileType = text.xcconfig; name = "Pods-NewsFeed-NewsFeedUITests.release.xcconfig"; path = "Target Support Files/Pods-NewsFeed-NewsFeedUITests/Pods-NewsFeed-NewsFeedUITests.release.xcconfig"; sourceTree = "<group>"; };
		8E1D8F25C558C6F6A81EF443 /* Pods_NewsFeed_NewsFeedUITests.framework */ = {isa = PBXFileReference; explicitFileType = wrapper.framework; includeInIndex = 0; path = Pods_NewsFeed_NewsFeedUITests.framework; sourceTree = BUILT_PRODUCTS_DIR; };
		AAC8EB6673494F1B34E242D6 /* Pods-NewsFeedTests.release.xcconfig */ = {isa = PBXFileReference; includeInIndex = 1; lastKnownFileType = text.xcconfig; name = "Pods-NewsFeedTests.release.xcconfig"; path = "Target Support Files/Pods-NewsFeedTests/Pods-NewsFeedTests.release.xcconfig"; sourceTree = "<group>"; };
		B3376CEA1D5B2D9AC67A64EF /* Pods-NewsFeed-NewsFeedUITests.debug.xcconfig */ = {isa = PBXFileReference; includeInIndex = 1; lastKnownFileType = text.xcconfig; name = "Pods-NewsFeed-NewsFeedUITests.debug.xcconfig"; path = "Target Support Files/Pods-NewsFeed-NewsFeedUITests/Pods-NewsFeed-NewsFeedUITests.debug.xcconfig"; sourceTree = "<group>"; };
		B655B18E265514AD00A59389 /* AccountManager.swift */ = {isa = PBXFileReference; lastKnownFileType = sourcecode.swift; path = AccountManager.swift; sourceTree = "<group>"; };
		B655B1932655179E00A59389 /* BaseViewController.swift */ = {isa = PBXFileReference; lastKnownFileType = sourcecode.swift; path = BaseViewController.swift; sourceTree = "<group>"; };
		B659133E26531CCB0053046C /* NewsFeed.app */ = {isa = PBXFileReference; explicitFileType = wrapper.application; includeInIndex = 0; path = NewsFeed.app; sourceTree = BUILT_PRODUCTS_DIR; };
		B659134126531CCB0053046C /* AppDelegate.swift */ = {isa = PBXFileReference; lastKnownFileType = sourcecode.swift; path = AppDelegate.swift; sourceTree = "<group>"; };
		B659134326531CCB0053046C /* SceneDelegate.swift */ = {isa = PBXFileReference; lastKnownFileType = sourcecode.swift; path = SceneDelegate.swift; sourceTree = "<group>"; };
		B659134526531CCB0053046C /* SignUpViewController.swift */ = {isa = PBXFileReference; lastKnownFileType = sourcecode.swift; path = SignUpViewController.swift; sourceTree = "<group>"; };
		B659134826531CCB0053046C /* Base */ = {isa = PBXFileReference; lastKnownFileType = file.storyboard; name = Base; path = Base.lproj/Main.storyboard; sourceTree = "<group>"; };
		B659134A26531CCC0053046C /* Assets.xcassets */ = {isa = PBXFileReference; lastKnownFileType = folder.assetcatalog; path = Assets.xcassets; sourceTree = "<group>"; };
		B659134D26531CCC0053046C /* Base */ = {isa = PBXFileReference; lastKnownFileType = file.storyboard; name = Base; path = Base.lproj/LaunchScreen.storyboard; sourceTree = "<group>"; };
		B659134F26531CCC0053046C /* Info.plist */ = {isa = PBXFileReference; lastKnownFileType = text.plist.xml; path = Info.plist; sourceTree = "<group>"; };
		B659135426531CCC0053046C /* NewsFeedTests.xctest */ = {isa = PBXFileReference; explicitFileType = wrapper.cfbundle; includeInIndex = 0; path = NewsFeedTests.xctest; sourceTree = BUILT_PRODUCTS_DIR; };
		B659135826531CCC0053046C /* NewsFeedTests.swift */ = {isa = PBXFileReference; lastKnownFileType = sourcecode.swift; path = NewsFeedTests.swift; sourceTree = "<group>"; };
		B659135A26531CCC0053046C /* Info.plist */ = {isa = PBXFileReference; lastKnownFileType = text.plist.xml; path = Info.plist; sourceTree = "<group>"; };
		B659135F26531CCC0053046C /* NewsFeedUITests.xctest */ = {isa = PBXFileReference; explicitFileType = wrapper.cfbundle; includeInIndex = 0; path = NewsFeedUITests.xctest; sourceTree = BUILT_PRODUCTS_DIR; };
		B659136326531CCC0053046C /* NewsFeedUITests.swift */ = {isa = PBXFileReference; lastKnownFileType = sourcecode.swift; path = NewsFeedUITests.swift; sourceTree = "<group>"; };
		B659136526531CCC0053046C /* Info.plist */ = {isa = PBXFileReference; lastKnownFileType = text.plist.xml; path = Info.plist; sourceTree = "<group>"; };
		B6E8D981265426FA00796480 /* Inter-Medium.ttf */ = {isa = PBXFileReference; lastKnownFileType = file; path = "Inter-Medium.ttf"; sourceTree = "<group>"; };
		B6E8D982265426FA00796480 /* Inter-ExtraBold.ttf */ = {isa = PBXFileReference; lastKnownFileType = file; path = "Inter-ExtraBold.ttf"; sourceTree = "<group>"; };
		B6E8D983265426FA00796480 /* Inter-Regular.ttf */ = {isa = PBXFileReference; lastKnownFileType = file; path = "Inter-Regular.ttf"; sourceTree = "<group>"; };
		B6E8D984265426FA00796480 /* Inter-SemiBold.ttf */ = {isa = PBXFileReference; lastKnownFileType = file; path = "Inter-SemiBold.ttf"; sourceTree = "<group>"; };
		B6E8D985265426FA00796480 /* Inter-Black.ttf */ = {isa = PBXFileReference; lastKnownFileType = file; path = "Inter-Black.ttf"; sourceTree = "<group>"; };
		B6E8D986265426FA00796480 /* Inter-ExtraLight.ttf */ = {isa = PBXFileReference; lastKnownFileType = file; path = "Inter-ExtraLight.ttf"; sourceTree = "<group>"; };
		B6E8D987265426FA00796480 /* Inter-Bold.ttf */ = {isa = PBXFileReference; lastKnownFileType = file; path = "Inter-Bold.ttf"; sourceTree = "<group>"; };
		B6E8D988265426FA00796480 /* Inter-Thin.ttf */ = {isa = PBXFileReference; lastKnownFileType = file; path = "Inter-Thin.ttf"; sourceTree = "<group>"; };
		B6E8D989265426FA00796480 /* Inter-Light.ttf */ = {isa = PBXFileReference; lastKnownFileType = file; path = "Inter-Light.ttf"; sourceTree = "<group>"; };
		B6E8D9962654272800796480 /* SF-Pro-Text-RegularItalic.otf */ = {isa = PBXFileReference; lastKnownFileType = file; path = "SF-Pro-Text-RegularItalic.otf"; sourceTree = "<group>"; };
		B6E8D9972654272800796480 /* SF-Pro-Text-MediumItalic.otf */ = {isa = PBXFileReference; lastKnownFileType = file; path = "SF-Pro-Text-MediumItalic.otf"; sourceTree = "<group>"; };
		B6E8D9982654272800796480 /* SF-Pro-Text-Thin.otf */ = {isa = PBXFileReference; lastKnownFileType = file; path = "SF-Pro-Text-Thin.otf"; sourceTree = "<group>"; };
		B6E8D9992654272800796480 /* SF-Pro-Text-LightItalic.otf */ = {isa = PBXFileReference; lastKnownFileType = file; path = "SF-Pro-Text-LightItalic.otf"; sourceTree = "<group>"; };
		B6E8D99A2654272800796480 /* SF-Pro-Text-Light.otf */ = {isa = PBXFileReference; lastKnownFileType = file; path = "SF-Pro-Text-Light.otf"; sourceTree = "<group>"; };
		B6E8D99B2654272800796480 /* SF-Pro-Text-Semibold.otf */ = {isa = PBXFileReference; lastKnownFileType = file; path = "SF-Pro-Text-Semibold.otf"; sourceTree = "<group>"; };
		B6E8D99C2654272900796480 /* SF-Pro-Text-Heavy.otf */ = {isa = PBXFileReference; lastKnownFileType = file; path = "SF-Pro-Text-Heavy.otf"; sourceTree = "<group>"; };
		B6E8D99D2654272900796480 /* SF-Pro-Text-Medium.otf */ = {isa = PBXFileReference; lastKnownFileType = file; path = "SF-Pro-Text-Medium.otf"; sourceTree = "<group>"; };
		B6E8D99E2654272900796480 /* SF-Pro-Text-HeavyItalic.otf */ = {isa = PBXFileReference; lastKnownFileType = file; path = "SF-Pro-Text-HeavyItalic.otf"; sourceTree = "<group>"; };
		B6E8D99F2654272900796480 /* SF-Pro-Text-BlackItalic.otf */ = {isa = PBXFileReference; lastKnownFileType = file; path = "SF-Pro-Text-BlackItalic.otf"; sourceTree = "<group>"; };
		B6E8D9A02654272900796480 /* SF-Pro-Text-SemiboldItalic.otf */ = {isa = PBXFileReference; lastKnownFileType = file; path = "SF-Pro-Text-SemiboldItalic.otf"; sourceTree = "<group>"; };
		B6E8D9A12654272900796480 /* SF-Pro-Text-UltralightItalic.otf */ = {isa = PBXFileReference; lastKnownFileType = file; path = "SF-Pro-Text-UltralightItalic.otf"; sourceTree = "<group>"; };
		B6E8D9A22654272900796480 /* SF-Pro-Text-Bold.otf */ = {isa = PBXFileReference; lastKnownFileType = file; path = "SF-Pro-Text-Bold.otf"; sourceTree = "<group>"; };
		B6E8D9A32654272900796480 /* SF-Pro-Text-Black.otf */ = {isa = PBXFileReference; lastKnownFileType = file; path = "SF-Pro-Text-Black.otf"; sourceTree = "<group>"; };
		B6E8D9A42654272900796480 /* SF-Pro-Text-BoldItalic.otf */ = {isa = PBXFileReference; lastKnownFileType = file; path = "SF-Pro-Text-BoldItalic.otf"; sourceTree = "<group>"; };
		B6E8D9A52654272900796480 /* SF-Pro-Text-ThinItalic.otf */ = {isa = PBXFileReference; lastKnownFileType = file; path = "SF-Pro-Text-ThinItalic.otf"; sourceTree = "<group>"; };
		B6E8D9A62654272900796480 /* SF-Pro-Text-Ultralight.otf */ = {isa = PBXFileReference; lastKnownFileType = file; path = "SF-Pro-Text-Ultralight.otf"; sourceTree = "<group>"; };
		B6E8D9A72654272900796480 /* SF-Pro-Text-Regular.otf */ = {isa = PBXFileReference; lastKnownFileType = file; path = "SF-Pro-Text-Regular.otf"; sourceTree = "<group>"; };
		B6E8D9BD26542BD400796480 /* View+Extensions.swift */ = {isa = PBXFileReference; lastKnownFileType = sourcecode.swift; path = "View+Extensions.swift"; sourceTree = "<group>"; };
		B6E8D9C526543ADD00796480 /* LogInViewController.swift */ = {isa = PBXFileReference; lastKnownFileType = sourcecode.swift; path = LogInViewController.swift; sourceTree = "<group>"; };
		B6E8D9CA26543B8000796480 /* FeedViewController.swift */ = {isa = PBXFileReference; lastKnownFileType = sourcecode.swift; path = FeedViewController.swift; sourceTree = "<group>"; };
		B6E8D9E026545C0100796480 /* schema.json */ = {isa = PBXFileReference; lastKnownFileType = text.json; path = schema.json; sourceTree = "<group>"; };
		B6E8D9E12654631B00796480 /* GetFeeds.graphql */ = {isa = PBXFileReference; lastKnownFileType = text; path = GetFeeds.graphql; sourceTree = "<group>"; };
		B6E8D9EC265465BE00796480 /* GraphQLAPI.swift */ = {isa = PBXFileReference; fileEncoding = 4; lastKnownFileType = sourcecode.swift; path = GraphQLAPI.swift; sourceTree = "<group>"; };
		B6E8D9F12654667600796480 /* GraphqlNetwork.swift */ = {isa = PBXFileReference; lastKnownFileType = sourcecode.swift; path = GraphqlNetwork.swift; sourceTree = "<group>"; };
		B6E8D9F92654685200796480 /* FeedService.swift */ = {isa = PBXFileReference; lastKnownFileType = sourcecode.swift; path = FeedService.swift; sourceTree = "<group>"; };
		B6E8DA062654732400796480 /* FeedViewModel.swift */ = {isa = PBXFileReference; lastKnownFileType = sourcecode.swift; path = FeedViewModel.swift; sourceTree = "<group>"; };
		B6E8DA0C2654754600796480 /* FeedTableViewCell.swift */ = {isa = PBXFileReference; lastKnownFileType = sourcecode.swift; path = FeedTableViewCell.swift; sourceTree = "<group>"; };
		B6E8DA14265475DA00796480 /* FeedCellViewModel.swift */ = {isa = PBXFileReference; lastKnownFileType = sourcecode.swift; path = FeedCellViewModel.swift; sourceTree = "<group>"; };
		B6E8DA192654851300796480 /* SignUp.graphql */ = {isa = PBXFileReference; lastKnownFileType = text; path = SignUp.graphql; sourceTree = "<group>"; };
		B6E8DA1E265485EF00796480 /* SignUpService.swift */ = {isa = PBXFileReference; lastKnownFileType = sourcecode.swift; path = SignUpService.swift; sourceTree = "<group>"; };
		B6E8DA2D26548BA300796480 /* Validator.swift */ = {isa = PBXFileReference; lastKnownFileType = sourcecode.swift; path = Validator.swift; sourceTree = "<group>"; };
		B6E8DA3226548C4C00796480 /* SignUpViewModel.swift */ = {isa = PBXFileReference; lastKnownFileType = sourcecode.swift; path = SignUpViewModel.swift; sourceTree = "<group>"; };
		B6E8DA372654946600796480 /* LogIn.graphql */ = {isa = PBXFileReference; lastKnownFileType = text; path = LogIn.graphql; sourceTree = "<group>"; };
		B6E8DA3C265494BD00796480 /* LogInService.swift */ = {isa = PBXFileReference; lastKnownFileType = sourcecode.swift; path = LogInService.swift; sourceTree = "<group>"; };
		B6E8DA412654967A00796480 /* LogInViewModel.swift */ = {isa = PBXFileReference; lastKnownFileType = sourcecode.swift; path = LogInViewModel.swift; sourceTree = "<group>"; };
		C5D337B01593C8166D3B5444 /* Pods_NewsFeed.framework */ = {isa = PBXFileReference; explicitFileType = wrapper.framework; includeInIndex = 0; path = Pods_NewsFeed.framework; sourceTree = BUILT_PRODUCTS_DIR; };
		E1B4B154C8D53FBE979FF8C5 /* Pods_NewsFeedTests.framework */ = {isa = PBXFileReference; explicitFileType = wrapper.framework; includeInIndex = 0; path = Pods_NewsFeedTests.framework; sourceTree = BUILT_PRODUCTS_DIR; };
/* End PBXFileReference section */

/* Begin PBXFrameworksBuildPhase section */
		B659133B26531CCB0053046C /* Frameworks */ = {
			isa = PBXFrameworksBuildPhase;
			buildActionMask = 2147483647;
			files = (
				5407CF28D2C8FD5CC3DB4274 /* Pods_NewsFeed.framework in Frameworks */,
			);
			runOnlyForDeploymentPostprocessing = 0;
		};
		B659135126531CCC0053046C /* Frameworks */ = {
			isa = PBXFrameworksBuildPhase;
			buildActionMask = 2147483647;
			files = (
				553980DBC64FFBD919A688FA /* Pods_NewsFeedTests.framework in Frameworks */,
			);
			runOnlyForDeploymentPostprocessing = 0;
		};
		B659135C26531CCC0053046C /* Frameworks */ = {
			isa = PBXFrameworksBuildPhase;
			buildActionMask = 2147483647;
			files = (
				36777789E71E82F45FC77741 /* Pods_NewsFeed_NewsFeedUITests.framework in Frameworks */,
			);
			runOnlyForDeploymentPostprocessing = 0;
		};
/* End PBXFrameworksBuildPhase section */

/* Begin PBXGroup section */
		3866C2FDC3B0C85B64CD80DD /* Pods */ = {
			isa = PBXGroup;
			children = (
				271A395EEFA981E3197C80BF /* Pods-NewsFeed.debug.xcconfig */,
				4F1BED3A7E2042B20E7F860C /* Pods-NewsFeed.release.xcconfig */,
				B3376CEA1D5B2D9AC67A64EF /* Pods-NewsFeed-NewsFeedUITests.debug.xcconfig */,
				8B55BA9BCA5A482BB5004AA4 /* Pods-NewsFeed-NewsFeedUITests.release.xcconfig */,
				47045D9352D147D28E110B1C /* Pods-NewsFeedTests.debug.xcconfig */,
				AAC8EB6673494F1B34E242D6 /* Pods-NewsFeedTests.release.xcconfig */,
			);
			path = Pods;
			sourceTree = "<group>";
		};
		5CA2E210D404C9E79B03859E /* Frameworks */ = {
			isa = PBXGroup;
			children = (
				C5D337B01593C8166D3B5444 /* Pods_NewsFeed.framework */,
				8E1D8F25C558C6F6A81EF443 /* Pods_NewsFeed_NewsFeedUITests.framework */,
				E1B4B154C8D53FBE979FF8C5 /* Pods_NewsFeedTests.framework */,
			);
			name = Frameworks;
			sourceTree = "<group>";
		};
		B655B1982655188400A59389 /* BaseClasses */ = {
			isa = PBXGroup;
			children = (
				B655B1932655179E00A59389 /* BaseViewController.swift */,
			);
			path = BaseClasses;
			sourceTree = "<group>";
		};
		B659133526531CCA0053046C = {
			isa = PBXGroup;
			children = (
				B659134026531CCB0053046C /* NewsFeed */,
				B659135726531CCC0053046C /* NewsFeedTests */,
				B659136226531CCC0053046C /* NewsFeedUITests */,
				B659133F26531CCB0053046C /* Products */,
				3866C2FDC3B0C85B64CD80DD /* Pods */,
				5CA2E210D404C9E79B03859E /* Frameworks */,
			);
			sourceTree = "<group>";
		};
		B659133F26531CCB0053046C /* Products */ = {
			isa = PBXGroup;
			children = (
				B659133E26531CCB0053046C /* NewsFeed.app */,
				B659135426531CCC0053046C /* NewsFeedTests.xctest */,
				B659135F26531CCC0053046C /* NewsFeedUITests.xctest */,
			);
			name = Products;
			sourceTree = "<group>";
		};
		B659134026531CCB0053046C /* NewsFeed */ = {
			isa = PBXGroup;
			children = (
				B655B1982655188400A59389 /* BaseClasses */,
				B6E8DA2926548B4800796480 /* Utilities */,
				B6E8D9802654263300796480 /* Fonts */,
				B6E8D979265425D500796480 /* ViewModels */,
				B6E8D978265425CD00796480 /* Constants */,
				B6E8D977265425C500796480 /* Extensions */,
				B6E8D976265425BE00796480 /* Models */,
				B6E8D975265425B500796480 /* Services */,
				B6E8D974265425AC00796480 /* Files */,
				B6E8D973265425A400796480 /* Views */,
				B6E8D9722654259D00796480 /* App */,
				B6E8D9E12654631B00796480 /* GetFeeds.graphql */,
				B6E8D9EC265465BE00796480 /* GraphQLAPI.swift */,
				B6E8D9E026545C0100796480 /* schema.json */,
				B6E8DA192654851300796480 /* SignUp.graphql */,
				B6E8DA372654946600796480 /* LogIn.graphql */,
			);
			path = NewsFeed;
			sourceTree = "<group>";
		};
		B659135726531CCC0053046C /* NewsFeedTests */ = {
			isa = PBXGroup;
			children = (
				B659135826531CCC0053046C /* NewsFeedTests.swift */,
				B659135A26531CCC0053046C /* Info.plist */,
			);
			path = NewsFeedTests;
			sourceTree = "<group>";
		};
		B659136226531CCC0053046C /* NewsFeedUITests */ = {
			isa = PBXGroup;
			children = (
				B659136326531CCC0053046C /* NewsFeedUITests.swift */,
				B659136526531CCC0053046C /* Info.plist */,
			);
			path = NewsFeedUITests;
			sourceTree = "<group>";
		};
		B6E8D9722654259D00796480 /* App */ = {
			isa = PBXGroup;
			children = (
				B659134126531CCB0053046C /* AppDelegate.swift */,
				B659134326531CCB0053046C /* SceneDelegate.swift */,
			);
			path = App;
			sourceTree = "<group>";
		};
		B6E8D973265425A400796480 /* Views */ = {
			isa = PBXGroup;
			children = (
				B6E8DA0B2654753000796480 /* Cells */,
				B659134526531CCB0053046C /* SignUpViewController.swift */,
				B659134726531CCB0053046C /* Main.storyboard */,
				B6E8D9C526543ADD00796480 /* LogInViewController.swift */,
				B6E8D9CA26543B8000796480 /* FeedViewController.swift */,
			);
			path = Views;
			sourceTree = "<group>";
		};
		B6E8D974265425AC00796480 /* Files */ = {
			isa = PBXGroup;
			children = (
				B659134A26531CCC0053046C /* Assets.xcassets */,
				B659134C26531CCC0053046C /* LaunchScreen.storyboard */,
				B659134F26531CCC0053046C /* Info.plist */,
			);
			path = Files;
			sourceTree = "<group>";
		};
		B6E8D975265425B500796480 /* Services */ = {
			isa = PBXGroup;
			children = (
				B6E8D9F12654667600796480 /* GraphqlNetwork.swift */,
				B6E8D9F92654685200796480 /* FeedService.swift */,
				B6E8DA1E265485EF00796480 /* SignUpService.swift */,
				B6E8DA3C265494BD00796480 /* LogInService.swift */,
			);
			path = Services;
			sourceTree = "<group>";
		};
		B6E8D976265425BE00796480 /* Models */ = {
			isa = PBXGroup;
			children = (
			);
			path = Models;
			sourceTree = "<group>";
		};
		B6E8D977265425C500796480 /* Extensions */ = {
			isa = PBXGroup;
			children = (
				B6E8D9BD26542BD400796480 /* View+Extensions.swift */,
			);
			path = Extensions;
			sourceTree = "<group>";
		};
		B6E8D978265425CD00796480 /* Constants */ = {
			isa = PBXGroup;
			children = (
			);
			path = Constants;
			sourceTree = "<group>";
		};
		B6E8D979265425D500796480 /* ViewModels */ = {
			isa = PBXGroup;
			children = (
				B6E8DA062654732400796480 /* FeedViewModel.swift */,
				B6E8DA14265475DA00796480 /* FeedCellViewModel.swift */,
				B6E8DA3226548C4C00796480 /* SignUpViewModel.swift */,
				B6E8DA412654967A00796480 /* LogInViewModel.swift */,
			);
			path = ViewModels;
			sourceTree = "<group>";
		};
		B6E8D9802654263300796480 /* Fonts */ = {
			isa = PBXGroup;
			children = (
				B6E8D985265426FA00796480 /* Inter-Black.ttf */,
				B6E8D987265426FA00796480 /* Inter-Bold.ttf */,
				B6E8D982265426FA00796480 /* Inter-ExtraBold.ttf */,
				B6E8D986265426FA00796480 /* Inter-ExtraLight.ttf */,
				B6E8D989265426FA00796480 /* Inter-Light.ttf */,
				B6E8D981265426FA00796480 /* Inter-Medium.ttf */,
				B6E8D983265426FA00796480 /* Inter-Regular.ttf */,
				B6E8D984265426FA00796480 /* Inter-SemiBold.ttf */,
				B6E8D988265426FA00796480 /* Inter-Thin.ttf */,
				B6E8D9A32654272900796480 /* SF-Pro-Text-Black.otf */,
				B6E8D99F2654272900796480 /* SF-Pro-Text-BlackItalic.otf */,
				B6E8D9A22654272900796480 /* SF-Pro-Text-Bold.otf */,
				B6E8D9A42654272900796480 /* SF-Pro-Text-BoldItalic.otf */,
				B6E8D99C2654272900796480 /* SF-Pro-Text-Heavy.otf */,
				B6E8D99E2654272900796480 /* SF-Pro-Text-HeavyItalic.otf */,
				B6E8D99A2654272800796480 /* SF-Pro-Text-Light.otf */,
				B6E8D9992654272800796480 /* SF-Pro-Text-LightItalic.otf */,
				B6E8D99D2654272900796480 /* SF-Pro-Text-Medium.otf */,
				B6E8D9972654272800796480 /* SF-Pro-Text-MediumItalic.otf */,
				B6E8D9A72654272900796480 /* SF-Pro-Text-Regular.otf */,
				B6E8D9962654272800796480 /* SF-Pro-Text-RegularItalic.otf */,
				B6E8D99B2654272800796480 /* SF-Pro-Text-Semibold.otf */,
				B6E8D9A02654272900796480 /* SF-Pro-Text-SemiboldItalic.otf */,
				B6E8D9982654272800796480 /* SF-Pro-Text-Thin.otf */,
				B6E8D9A52654272900796480 /* SF-Pro-Text-ThinItalic.otf */,
				B6E8D9A62654272900796480 /* SF-Pro-Text-Ultralight.otf */,
				B6E8D9A12654272900796480 /* SF-Pro-Text-UltralightItalic.otf */,
			);
			path = Fonts;
			sourceTree = "<group>";
		};
		B6E8DA0B2654753000796480 /* Cells */ = {
			isa = PBXGroup;
			children = (
				B6E8DA0C2654754600796480 /* FeedTableViewCell.swift */,
			);
			path = Cells;
			sourceTree = "<group>";
		};
		B6E8DA2926548B4800796480 /* Utilities */ = {
			isa = PBXGroup;
			children = (
				B6E8DA2D26548BA300796480 /* Validator.swift */,
				B655B18E265514AD00A59389 /* AccountManager.swift */,
			);
			path = Utilities;
			sourceTree = "<group>";
		};
/* End PBXGroup section */

/* Begin PBXNativeTarget section */
		B659133D26531CCB0053046C /* NewsFeed */ = {
			isa = PBXNativeTarget;
			buildConfigurationList = B659136826531CCC0053046C /* Build configuration list for PBXNativeTarget "NewsFeed" */;
			buildPhases = (
				B6E8D9DC2654593700796480 /* Apollo CLI */,
				445D8D3175FC30674901C304 /* [CP] Check Pods Manifest.lock */,
				B659133A26531CCB0053046C /* Sources */,
				B659133B26531CCB0053046C /* Frameworks */,
				B659133C26531CCB0053046C /* Resources */,
				12B50D20BF5B5FE4D15A4532 /* [CP] Embed Pods Frameworks */,
			);
			buildRules = (
			);
			dependencies = (
			);
			name = NewsFeed;
			productName = NewsFeed;
			productReference = B659133E26531CCB0053046C /* NewsFeed.app */;
			productType = "com.apple.product-type.application";
		};
		B659135326531CCC0053046C /* NewsFeedTests */ = {
			isa = PBXNativeTarget;
			buildConfigurationList = B659136B26531CCC0053046C /* Build configuration list for PBXNativeTarget "NewsFeedTests" */;
			buildPhases = (
				DDFF8D7B9C56A0E232ABE216 /* [CP] Check Pods Manifest.lock */,
				B659135026531CCC0053046C /* Sources */,
				B659135126531CCC0053046C /* Frameworks */,
				B659135226531CCC0053046C /* Resources */,
			);
			buildRules = (
			);
			dependencies = (
				B659135626531CCC0053046C /* PBXTargetDependency */,
			);
			name = NewsFeedTests;
			productName = NewsFeedTests;
			productReference = B659135426531CCC0053046C /* NewsFeedTests.xctest */;
			productType = "com.apple.product-type.bundle.unit-test";
		};
		B659135E26531CCC0053046C /* NewsFeedUITests */ = {
			isa = PBXNativeTarget;
			buildConfigurationList = B659136E26531CCC0053046C /* Build configuration list for PBXNativeTarget "NewsFeedUITests" */;
			buildPhases = (
				A75F0BB287B0CAA03CB973AF /* [CP] Check Pods Manifest.lock */,
				B659135B26531CCC0053046C /* Sources */,
				B659135C26531CCC0053046C /* Frameworks */,
				B659135D26531CCC0053046C /* Resources */,
				7C829E2024B9AD89B2866EC9 /* [CP] Embed Pods Frameworks */,
			);
			buildRules = (
			);
			dependencies = (
				B659136126531CCC0053046C /* PBXTargetDependency */,
			);
			name = NewsFeedUITests;
			productName = NewsFeedUITests;
			productReference = B659135F26531CCC0053046C /* NewsFeedUITests.xctest */;
			productType = "com.apple.product-type.bundle.ui-testing";
		};
/* End PBXNativeTarget section */

/* Begin PBXProject section */
		B659133626531CCA0053046C /* Project object */ = {
			isa = PBXProject;
			attributes = {
				LastSwiftUpdateCheck = 1240;
				LastUpgradeCheck = 1240;
				TargetAttributes = {
					B659133D26531CCB0053046C = {
						CreatedOnToolsVersion = 12.4;
					};
					B659135326531CCC0053046C = {
						CreatedOnToolsVersion = 12.4;
						TestTargetID = B659133D26531CCB0053046C;
					};
					B659135E26531CCC0053046C = {
						CreatedOnToolsVersion = 12.4;
						TestTargetID = B659133D26531CCB0053046C;
					};
				};
			};
			buildConfigurationList = B659133926531CCA0053046C /* Build configuration list for PBXProject "NewsFeed" */;
			compatibilityVersion = "Xcode 9.3";
			developmentRegion = en;
			hasScannedForEncodings = 0;
			knownRegions = (
				en,
				Base,
			);
			mainGroup = B659133526531CCA0053046C;
			productRefGroup = B659133F26531CCB0053046C /* Products */;
			projectDirPath = "";
			projectRoot = "";
			targets = (
				B659133D26531CCB0053046C /* NewsFeed */,
				B659135326531CCC0053046C /* NewsFeedTests */,
				B659135E26531CCC0053046C /* NewsFeedUITests */,
			);
		};
/* End PBXProject section */

/* Begin PBXResourcesBuildPhase section */
		B659133C26531CCB0053046C /* Resources */ = {
			isa = PBXResourcesBuildPhase;
			buildActionMask = 2147483647;
			files = (
				B6E8D9B72654272900796480 /* SF-Pro-Text-ThinItalic.otf in Resources */,
				B6E8DA1A2654851300796480 /* SignUp.graphql in Resources */,
				B6E8D98B265426FA00796480 /* Inter-ExtraBold.ttf in Resources */,
				B6E8D9AE2654272900796480 /* SF-Pro-Text-Heavy.otf in Resources */,
				B6E8D9AC2654272900796480 /* SF-Pro-Text-Light.otf in Resources */,
				B6E8D98A265426FA00796480 /* Inter-Medium.ttf in Resources */,
				B6E8D9A82654272900796480 /* SF-Pro-Text-RegularItalic.otf in Resources */,
				B6E8D9B92654272900796480 /* SF-Pro-Text-Regular.otf in Resources */,
				B6E8D9B52654272900796480 /* SF-Pro-Text-Black.otf in Resources */,
				B659134E26531CCC0053046C /* LaunchScreen.storyboard in Resources */,
				B6E8D9B32654272900796480 /* SF-Pro-Text-UltralightItalic.otf in Resources */,
				B659134B26531CCC0053046C /* Assets.xcassets in Resources */,
				B6E8D9AD2654272900796480 /* SF-Pro-Text-Semibold.otf in Resources */,
				B6E8DA382654946700796480 /* LogIn.graphql in Resources */,
				B6E8D9AF2654272900796480 /* SF-Pro-Text-Medium.otf in Resources */,
				B6E8D98C265426FA00796480 /* Inter-Regular.ttf in Resources */,
				B6E8D9AB2654272900796480 /* SF-Pro-Text-LightItalic.otf in Resources */,
				B6E8D9B02654272900796480 /* SF-Pro-Text-HeavyItalic.otf in Resources */,
				B6E8D991265426FA00796480 /* Inter-Thin.ttf in Resources */,
				B659134926531CCB0053046C /* Main.storyboard in Resources */,
				B6E8D9B62654272900796480 /* SF-Pro-Text-BoldItalic.otf in Resources */,
				B6E8D9B82654272900796480 /* SF-Pro-Text-Ultralight.otf in Resources */,
				B6E8D9A92654272900796480 /* SF-Pro-Text-MediumItalic.otf in Resources */,
				B6E8D990265426FA00796480 /* Inter-Bold.ttf in Resources */,
				B6E8D98D265426FA00796480 /* Inter-SemiBold.ttf in Resources */,
				B6E8D9AA2654272900796480 /* SF-Pro-Text-Thin.otf in Resources */,
				B6E8D98F265426FA00796480 /* Inter-ExtraLight.ttf in Resources */,
				B6E8D9B12654272900796480 /* SF-Pro-Text-BlackItalic.otf in Resources */,
				B6E8D9B42654272900796480 /* SF-Pro-Text-Bold.otf in Resources */,
				B6E8D9E22654631B00796480 /* GetFeeds.graphql in Resources */,
				B6E8D992265426FA00796480 /* Inter-Light.ttf in Resources */,
				B6E8D9B22654272900796480 /* SF-Pro-Text-SemiboldItalic.otf in Resources */,
				B6E8D98E265426FA00796480 /* Inter-Black.ttf in Resources */,
			);
			runOnlyForDeploymentPostprocessing = 0;
		};
		B659135226531CCC0053046C /* Resources */ = {
			isa = PBXResourcesBuildPhase;
			buildActionMask = 2147483647;
			files = (
			);
			runOnlyForDeploymentPostprocessing = 0;
		};
		B659135D26531CCC0053046C /* Resources */ = {
			isa = PBXResourcesBuildPhase;
			buildActionMask = 2147483647;
			files = (
			);
			runOnlyForDeploymentPostprocessing = 0;
		};
/* End PBXResourcesBuildPhase section */

/* Begin PBXShellScriptBuildPhase section */
		12B50D20BF5B5FE4D15A4532 /* [CP] Embed Pods Frameworks */ = {
			isa = PBXShellScriptBuildPhase;
			buildActionMask = 2147483647;
			files = (
			);
			inputFileListPaths = (
				"${PODS_ROOT}/Target Support Files/Pods-NewsFeed/Pods-NewsFeed-frameworks-${CONFIGURATION}-input-files.xcfilelist",
			);
			name = "[CP] Embed Pods Frameworks";
			outputFileListPaths = (
				"${PODS_ROOT}/Target Support Files/Pods-NewsFeed/Pods-NewsFeed-frameworks-${CONFIGURATION}-output-files.xcfilelist",
			);
			runOnlyForDeploymentPostprocessing = 0;
			shellPath = /bin/sh;
			shellScript = "\"${PODS_ROOT}/Target Support Files/Pods-NewsFeed/Pods-NewsFeed-frameworks.sh\"\n";
			showEnvVarsInLog = 0;
		};
		445D8D3175FC30674901C304 /* [CP] Check Pods Manifest.lock */ = {
			isa = PBXShellScriptBuildPhase;
			buildActionMask = 2147483647;
			files = (
			);
			inputFileListPaths = (
			);
			inputPaths = (
				"${PODS_PODFILE_DIR_PATH}/Podfile.lock",
				"${PODS_ROOT}/Manifest.lock",
			);
			name = "[CP] Check Pods Manifest.lock";
			outputFileListPaths = (
			);
			outputPaths = (
				"$(DERIVED_FILE_DIR)/Pods-NewsFeed-checkManifestLockResult.txt",
			);
			runOnlyForDeploymentPostprocessing = 0;
			shellPath = /bin/sh;
			shellScript = "diff \"${PODS_PODFILE_DIR_PATH}/Podfile.lock\" \"${PODS_ROOT}/Manifest.lock\" > /dev/null\nif [ $? != 0 ] ; then\n    # print error to STDERR\n    echo \"error: The sandbox is not in sync with the Podfile.lock. Run 'pod install' or update your CocoaPods installation.\" >&2\n    exit 1\nfi\n# This output is used by Xcode 'outputs' to avoid re-running this script phase.\necho \"SUCCESS\" > \"${SCRIPT_OUTPUT_FILE_0}\"\n";
			showEnvVarsInLog = 0;
		};
		7C829E2024B9AD89B2866EC9 /* [CP] Embed Pods Frameworks */ = {
			isa = PBXShellScriptBuildPhase;
			buildActionMask = 2147483647;
			files = (
			);
			inputFileListPaths = (
				"${PODS_ROOT}/Target Support Files/Pods-NewsFeed-NewsFeedUITests/Pods-NewsFeed-NewsFeedUITests-frameworks-${CONFIGURATION}-input-files.xcfilelist",
			);
			name = "[CP] Embed Pods Frameworks";
			outputFileListPaths = (
				"${PODS_ROOT}/Target Support Files/Pods-NewsFeed-NewsFeedUITests/Pods-NewsFeed-NewsFeedUITests-frameworks-${CONFIGURATION}-output-files.xcfilelist",
			);
			runOnlyForDeploymentPostprocessing = 0;
			shellPath = /bin/sh;
			shellScript = "\"${PODS_ROOT}/Target Support Files/Pods-NewsFeed-NewsFeedUITests/Pods-NewsFeed-NewsFeedUITests-frameworks.sh\"\n";
			showEnvVarsInLog = 0;
		};
		A75F0BB287B0CAA03CB973AF /* [CP] Check Pods Manifest.lock */ = {
			isa = PBXShellScriptBuildPhase;
			buildActionMask = 2147483647;
			files = (
			);
			inputFileListPaths = (
			);
			inputPaths = (
				"${PODS_PODFILE_DIR_PATH}/Podfile.lock",
				"${PODS_ROOT}/Manifest.lock",
			);
			name = "[CP] Check Pods Manifest.lock";
			outputFileListPaths = (
			);
			outputPaths = (
				"$(DERIVED_FILE_DIR)/Pods-NewsFeed-NewsFeedUITests-checkManifestLockResult.txt",
			);
			runOnlyForDeploymentPostprocessing = 0;
			shellPath = /bin/sh;
			shellScript = "diff \"${PODS_PODFILE_DIR_PATH}/Podfile.lock\" \"${PODS_ROOT}/Manifest.lock\" > /dev/null\nif [ $? != 0 ] ; then\n    # print error to STDERR\n    echo \"error: The sandbox is not in sync with the Podfile.lock. Run 'pod install' or update your CocoaPods installation.\" >&2\n    exit 1\nfi\n# This output is used by Xcode 'outputs' to avoid re-running this script phase.\necho \"SUCCESS\" > \"${SCRIPT_OUTPUT_FILE_0}\"\n";
			showEnvVarsInLog = 0;
		};
		B6E8D9DC2654593700796480 /* Apollo CLI */ = {
			isa = PBXShellScriptBuildPhase;
			buildActionMask = 2147483647;
			files = (
			);
			inputFileListPaths = (
			);
			inputPaths = (
			);
			name = "Apollo CLI";
			outputFileListPaths = (
			);
			outputPaths = (
			);
			runOnlyForDeploymentPostprocessing = 0;
			shellPath = /bin/sh;
			shellScript = "SCRIPT_PATH=\"${PODS_ROOT}/Apollo/scripts\"\ncd \"${SRCROOT}/${TARGET_NAME}\"\n#\"${SCRIPT_PATH}\"/run-bundled-codegen.sh schema:download --endpoint=http://localhost:4000/\n\"${SCRIPT_PATH}\"/run-bundled-codegen.sh codegen:generate --target=swift --includes=./**/*.graphql --localSchemaFile=\"schema.json\" GraphQLAPI.swift\n";
		};
		DDFF8D7B9C56A0E232ABE216 /* [CP] Check Pods Manifest.lock */ = {
			isa = PBXShellScriptBuildPhase;
			buildActionMask = 2147483647;
			files = (
			);
			inputFileListPaths = (
			);
			inputPaths = (
				"${PODS_PODFILE_DIR_PATH}/Podfile.lock",
				"${PODS_ROOT}/Manifest.lock",
			);
			name = "[CP] Check Pods Manifest.lock";
			outputFileListPaths = (
			);
			outputPaths = (
				"$(DERIVED_FILE_DIR)/Pods-NewsFeedTests-checkManifestLockResult.txt",
			);
			runOnlyForDeploymentPostprocessing = 0;
			shellPath = /bin/sh;
			shellScript = "diff \"${PODS_PODFILE_DIR_PATH}/Podfile.lock\" \"${PODS_ROOT}/Manifest.lock\" > /dev/null\nif [ $? != 0 ] ; then\n    # print error to STDERR\n    echo \"error: The sandbox is not in sync with the Podfile.lock. Run 'pod install' or update your CocoaPods installation.\" >&2\n    exit 1\nfi\n# This output is used by Xcode 'outputs' to avoid re-running this script phase.\necho \"SUCCESS\" > \"${SCRIPT_OUTPUT_FILE_0}\"\n";
			showEnvVarsInLog = 0;
		};
/* End PBXShellScriptBuildPhase section */

/* Begin PBXSourcesBuildPhase section */
		B659133A26531CCB0053046C /* Sources */ = {
			isa = PBXSourcesBuildPhase;
			buildActionMask = 2147483647;
			files = (
				B6E8DA072654732400796480 /* FeedViewModel.swift in Sources */,
				B6E8D9F22654667600796480 /* GraphqlNetwork.swift in Sources */,
				B6E8DA15265475DA00796480 /* FeedCellViewModel.swift in Sources */,
				B6E8DA1F265485EF00796480 /* SignUpService.swift in Sources */,
				B6E8DA2E26548BA300796480 /* Validator.swift in Sources */,
				B655B18F265514AD00A59389 /* AccountManager.swift in Sources */,
				B659134626531CCB0053046C /* SignUpViewController.swift in Sources */,
				B659134226531CCB0053046C /* AppDelegate.swift in Sources */,
				B6E8DA3D265494BD00796480 /* LogInService.swift in Sources */,
				B6E8DA3326548C4C00796480 /* SignUpViewModel.swift in Sources */,
				B6E8D9BE26542BD400796480 /* View+Extensions.swift in Sources */,
				B6E8D9ED265465BE00796480 /* GraphQLAPI.swift in Sources */,
				B6E8D9C626543ADD00796480 /* LogInViewController.swift in Sources */,
				B6E8D9CB26543B8000796480 /* FeedViewController.swift in Sources */,
				B659134426531CCB0053046C /* SceneDelegate.swift in Sources */,
				B6E8D9FA2654685200796480 /* FeedService.swift in Sources */,
				B655B1942655179E00A59389 /* BaseViewController.swift in Sources */,
				B6E8DA0D2654754600796480 /* FeedTableViewCell.swift in Sources */,
				B6E8DA422654967A00796480 /* LogInViewModel.swift in Sources */,
			);
			runOnlyForDeploymentPostprocessing = 0;
		};
		B659135026531CCC0053046C /* Sources */ = {
			isa = PBXSourcesBuildPhase;
			buildActionMask = 2147483647;
			files = (
				B659135926531CCC0053046C /* NewsFeedTests.swift in Sources */,
			);
			runOnlyForDeploymentPostprocessing = 0;
		};
		B659135B26531CCC0053046C /* Sources */ = {
			isa = PBXSourcesBuildPhase;
			buildActionMask = 2147483647;
			files = (
				B659136426531CCC0053046C /* NewsFeedUITests.swift in Sources */,
			);
			runOnlyForDeploymentPostprocessing = 0;
		};
/* End PBXSourcesBuildPhase section */

/* Begin PBXTargetDependency section */
		B659135626531CCC0053046C /* PBXTargetDependency */ = {
			isa = PBXTargetDependency;
			target = B659133D26531CCB0053046C /* NewsFeed */;
			targetProxy = B659135526531CCC0053046C /* PBXContainerItemProxy */;
		};
		B659136126531CCC0053046C /* PBXTargetDependency */ = {
			isa = PBXTargetDependency;
			target = B659133D26531CCB0053046C /* NewsFeed */;
			targetProxy = B659136026531CCC0053046C /* PBXContainerItemProxy */;
		};
/* End PBXTargetDependency section */

/* Begin PBXVariantGroup section */
		B659134726531CCB0053046C /* Main.storyboard */ = {
			isa = PBXVariantGroup;
			children = (
				B659134826531CCB0053046C /* Base */,
			);
			name = Main.storyboard;
			sourceTree = "<group>";
		};
		B659134C26531CCC0053046C /* LaunchScreen.storyboard */ = {
			isa = PBXVariantGroup;
			children = (
				B659134D26531CCC0053046C /* Base */,
			);
			name = LaunchScreen.storyboard;
			sourceTree = "<group>";
		};
/* End PBXVariantGroup section */

/* Begin XCBuildConfiguration section */
		B659136626531CCC0053046C /* Debug */ = {
			isa = XCBuildConfiguration;
			buildSettings = {
				ALWAYS_SEARCH_USER_PATHS = NO;
				CLANG_ANALYZER_NONNULL = YES;
				CLANG_ANALYZER_NUMBER_OBJECT_CONVERSION = YES_AGGRESSIVE;
				CLANG_CXX_LANGUAGE_STANDARD = "gnu++14";
				CLANG_CXX_LIBRARY = "libc++";
				CLANG_ENABLE_MODULES = YES;
				CLANG_ENABLE_OBJC_ARC = YES;
				CLANG_ENABLE_OBJC_WEAK = YES;
				CLANG_WARN_BLOCK_CAPTURE_AUTORELEASING = YES;
				CLANG_WARN_BOOL_CONVERSION = YES;
				CLANG_WARN_COMMA = YES;
				CLANG_WARN_CONSTANT_CONVERSION = YES;
				CLANG_WARN_DEPRECATED_OBJC_IMPLEMENTATIONS = YES;
				CLANG_WARN_DIRECT_OBJC_ISA_USAGE = YES_ERROR;
				CLANG_WARN_DOCUMENTATION_COMMENTS = YES;
				CLANG_WARN_EMPTY_BODY = YES;
				CLANG_WARN_ENUM_CONVERSION = YES;
				CLANG_WARN_INFINITE_RECURSION = YES;
				CLANG_WARN_INT_CONVERSION = YES;
				CLANG_WARN_NON_LITERAL_NULL_CONVERSION = YES;
				CLANG_WARN_OBJC_IMPLICIT_RETAIN_SELF = YES;
				CLANG_WARN_OBJC_LITERAL_CONVERSION = YES;
				CLANG_WARN_OBJC_ROOT_CLASS = YES_ERROR;
				CLANG_WARN_QUOTED_INCLUDE_IN_FRAMEWORK_HEADER = YES;
				CLANG_WARN_RANGE_LOOP_ANALYSIS = YES;
				CLANG_WARN_STRICT_PROTOTYPES = YES;
				CLANG_WARN_SUSPICIOUS_MOVE = YES;
				CLANG_WARN_UNGUARDED_AVAILABILITY = YES_AGGRESSIVE;
				CLANG_WARN_UNREACHABLE_CODE = YES;
				CLANG_WARN__DUPLICATE_METHOD_MATCH = YES;
				COPY_PHASE_STRIP = NO;
				DEBUG_INFORMATION_FORMAT = dwarf;
				ENABLE_STRICT_OBJC_MSGSEND = YES;
				ENABLE_TESTABILITY = YES;
				GCC_C_LANGUAGE_STANDARD = gnu11;
				GCC_DYNAMIC_NO_PIC = NO;
				GCC_NO_COMMON_BLOCKS = YES;
				GCC_OPTIMIZATION_LEVEL = 0;
				GCC_PREPROCESSOR_DEFINITIONS = (
					"DEBUG=1",
					"$(inherited)",
				);
				GCC_WARN_64_TO_32_BIT_CONVERSION = YES;
				GCC_WARN_ABOUT_RETURN_TYPE = YES_ERROR;
				GCC_WARN_UNDECLARED_SELECTOR = YES;
				GCC_WARN_UNINITIALIZED_AUTOS = YES_AGGRESSIVE;
				GCC_WARN_UNUSED_FUNCTION = YES;
				GCC_WARN_UNUSED_VARIABLE = YES;
				IPHONEOS_DEPLOYMENT_TARGET = 14.4;
				MTL_ENABLE_DEBUG_INFO = INCLUDE_SOURCE;
				MTL_FAST_MATH = YES;
				ONLY_ACTIVE_ARCH = YES;
				SDKROOT = iphoneos;
				SWIFT_ACTIVE_COMPILATION_CONDITIONS = DEBUG;
				SWIFT_OPTIMIZATION_LEVEL = "-Onone";
			};
			name = Debug;
		};
		B659136726531CCC0053046C /* Release */ = {
			isa = XCBuildConfiguration;
			buildSettings = {
				ALWAYS_SEARCH_USER_PATHS = NO;
				CLANG_ANALYZER_NONNULL = YES;
				CLANG_ANALYZER_NUMBER_OBJECT_CONVERSION = YES_AGGRESSIVE;
				CLANG_CXX_LANGUAGE_STANDARD = "gnu++14";
				CLANG_CXX_LIBRARY = "libc++";
				CLANG_ENABLE_MODULES = YES;
				CLANG_ENABLE_OBJC_ARC = YES;
				CLANG_ENABLE_OBJC_WEAK = YES;
				CLANG_WARN_BLOCK_CAPTURE_AUTORELEASING = YES;
				CLANG_WARN_BOOL_CONVERSION = YES;
				CLANG_WARN_COMMA = YES;
				CLANG_WARN_CONSTANT_CONVERSION = YES;
				CLANG_WARN_DEPRECATED_OBJC_IMPLEMENTATIONS = YES;
				CLANG_WARN_DIRECT_OBJC_ISA_USAGE = YES_ERROR;
				CLANG_WARN_DOCUMENTATION_COMMENTS = YES;
				CLANG_WARN_EMPTY_BODY = YES;
				CLANG_WARN_ENUM_CONVERSION = YES;
				CLANG_WARN_INFINITE_RECURSION = YES;
				CLANG_WARN_INT_CONVERSION = YES;
				CLANG_WARN_NON_LITERAL_NULL_CONVERSION = YES;
				CLANG_WARN_OBJC_IMPLICIT_RETAIN_SELF = YES;
				CLANG_WARN_OBJC_LITERAL_CONVERSION = YES;
				CLANG_WARN_OBJC_ROOT_CLASS = YES_ERROR;
				CLANG_WARN_QUOTED_INCLUDE_IN_FRAMEWORK_HEADER = YES;
				CLANG_WARN_RANGE_LOOP_ANALYSIS = YES;
				CLANG_WARN_STRICT_PROTOTYPES = YES;
				CLANG_WARN_SUSPICIOUS_MOVE = YES;
				CLANG_WARN_UNGUARDED_AVAILABILITY = YES_AGGRESSIVE;
				CLANG_WARN_UNREACHABLE_CODE = YES;
				CLANG_WARN__DUPLICATE_METHOD_MATCH = YES;
				COPY_PHASE_STRIP = NO;
				DEBUG_INFORMATION_FORMAT = "dwarf-with-dsym";
				ENABLE_NS_ASSERTIONS = NO;
				ENABLE_STRICT_OBJC_MSGSEND = YES;
				GCC_C_LANGUAGE_STANDARD = gnu11;
				GCC_NO_COMMON_BLOCKS = YES;
				GCC_WARN_64_TO_32_BIT_CONVERSION = YES;
				GCC_WARN_ABOUT_RETURN_TYPE = YES_ERROR;
				GCC_WARN_UNDECLARED_SELECTOR = YES;
				GCC_WARN_UNINITIALIZED_AUTOS = YES_AGGRESSIVE;
				GCC_WARN_UNUSED_FUNCTION = YES;
				GCC_WARN_UNUSED_VARIABLE = YES;
				IPHONEOS_DEPLOYMENT_TARGET = 14.4;
				MTL_ENABLE_DEBUG_INFO = NO;
				MTL_FAST_MATH = YES;
				SDKROOT = iphoneos;
				SWIFT_COMPILATION_MODE = wholemodule;
				SWIFT_OPTIMIZATION_LEVEL = "-O";
				VALIDATE_PRODUCT = YES;
			};
			name = Release;
		};
		B659136926531CCC0053046C /* Debug */ = {
			isa = XCBuildConfiguration;
			baseConfigurationReference = 271A395EEFA981E3197C80BF /* Pods-NewsFeed.debug.xcconfig */;
			buildSettings = {
				ASSETCATALOG_COMPILER_APPICON_NAME = AppIcon;
				ASSETCATALOG_COMPILER_GLOBAL_ACCENT_COLOR_NAME = AccentColor;
				CODE_SIGN_STYLE = Automatic;
				DEVELOPMENT_TEAM = M74ZCP24NH;
				INFOPLIST_FILE = NewsFeed/Files/Info.plist;
				LD_RUNPATH_SEARCH_PATHS = (
					"$(inherited)",
					"@executable_path/Frameworks",
				);
				PRODUCT_BUNDLE_IDENTIFIER = com.work.NewsFeed;
				PRODUCT_NAME = "$(TARGET_NAME)";
				SWIFT_VERSION = 5.0;
				TARGETED_DEVICE_FAMILY = "1,2";
			};
			name = Debug;
		};
		B659136A26531CCC0053046C /* Release */ = {
			isa = XCBuildConfiguration;
			baseConfigurationReference = 4F1BED3A7E2042B20E7F860C /* Pods-NewsFeed.release.xcconfig */;
			buildSettings = {
				ASSETCATALOG_COMPILER_APPICON_NAME = AppIcon;
				ASSETCATALOG_COMPILER_GLOBAL_ACCENT_COLOR_NAME = AccentColor;
				CODE_SIGN_STYLE = Automatic;
				DEVELOPMENT_TEAM = M74ZCP24NH;
				INFOPLIST_FILE = NewsFeed/Files/Info.plist;
				LD_RUNPATH_SEARCH_PATHS = (
					"$(inherited)",
					"@executable_path/Frameworks",
				);
				PRODUCT_BUNDLE_IDENTIFIER = com.work.NewsFeed;
				PRODUCT_NAME = "$(TARGET_NAME)";
				SWIFT_VERSION = 5.0;
				TARGETED_DEVICE_FAMILY = "1,2";
			};
			name = Release;
		};
		B659136C26531CCC0053046C /* Debug */ = {
			isa = XCBuildConfiguration;
			baseConfigurationReference = 47045D9352D147D28E110B1C /* Pods-NewsFeedTests.debug.xcconfig */;
			buildSettings = {
				ALWAYS_EMBED_SWIFT_STANDARD_LIBRARIES = YES;
				BUNDLE_LOADER = "$(TEST_HOST)";
				CODE_SIGN_STYLE = Automatic;
				DEVELOPMENT_TEAM = M74ZCP24NH;
				INFOPLIST_FILE = NewsFeedTests/Info.plist;
				IPHONEOS_DEPLOYMENT_TARGET = 14.4;
				LD_RUNPATH_SEARCH_PATHS = (
					"$(inherited)",
					"@executable_path/Frameworks",
					"@loader_path/Frameworks",
				);
				PRODUCT_BUNDLE_IDENTIFIER = com.work.NewsFeedTests;
				PRODUCT_NAME = "$(TARGET_NAME)";
				SWIFT_VERSION = 5.0;
				TARGETED_DEVICE_FAMILY = "1,2";
				TEST_HOST = "$(BUILT_PRODUCTS_DIR)/NewsFeed.app/NewsFeed";
			};
			name = Debug;
		};
		B659136D26531CCC0053046C /* Release */ = {
			isa = XCBuildConfiguration;
			baseConfigurationReference = AAC8EB6673494F1B34E242D6 /* Pods-NewsFeedTests.release.xcconfig */;
			buildSettings = {
				ALWAYS_EMBED_SWIFT_STANDARD_LIBRARIES = YES;
				BUNDLE_LOADER = "$(TEST_HOST)";
				CODE_SIGN_STYLE = Automatic;
				DEVELOPMENT_TEAM = M74ZCP24NH;
				INFOPLIST_FILE = NewsFeedTests/Info.plist;
				IPHONEOS_DEPLOYMENT_TARGET = 14.4;
				LD_RUNPATH_SEARCH_PATHS = (
					"$(inherited)",
					"@executable_path/Frameworks",
					"@loader_path/Frameworks",
				);
				PRODUCT_BUNDLE_IDENTIFIER = com.work.NewsFeedTests;
				PRODUCT_NAME = "$(TARGET_NAME)";
				SWIFT_VERSION = 5.0;
				TARGETED_DEVICE_FAMILY = "1,2";
				TEST_HOST = "$(BUILT_PRODUCTS_DIR)/NewsFeed.app/NewsFeed";
			};
			name = Release;
		};
		B659136F26531CCC0053046C /* Debug */ = {
			isa = XCBuildConfiguration;
			baseConfigurationReference = B3376CEA1D5B2D9AC67A64EF /* Pods-NewsFeed-NewsFeedUITests.debug.xcconfig */;
			buildSettings = {
				ALWAYS_EMBED_SWIFT_STANDARD_LIBRARIES = YES;
				CODE_SIGN_STYLE = Automatic;
				DEVELOPMENT_TEAM = M74ZCP24NH;
				INFOPLIST_FILE = NewsFeedUITests/Info.plist;
				LD_RUNPATH_SEARCH_PATHS = (
					"$(inherited)",
					"@executable_path/Frameworks",
					"@loader_path/Frameworks",
				);
				PRODUCT_BUNDLE_IDENTIFIER = com.work.NewsFeedUITests;
				PRODUCT_NAME = "$(TARGET_NAME)";
				SWIFT_VERSION = 5.0;
				TARGETED_DEVICE_FAMILY = "1,2";
				TEST_TARGET_NAME = NewsFeed;
			};
			name = Debug;
		};
		B659137026531CCC0053046C /* Release */ = {
			isa = XCBuildConfiguration;
			baseConfigurationReference = 8B55BA9BCA5A482BB5004AA4 /* Pods-NewsFeed-NewsFeedUITests.release.xcconfig */;
			buildSettings = {
				ALWAYS_EMBED_SWIFT_STANDARD_LIBRARIES = YES;
				CODE_SIGN_STYLE = Automatic;
				DEVELOPMENT_TEAM = M74ZCP24NH;
				INFOPLIST_FILE = NewsFeedUITests/Info.plist;
				LD_RUNPATH_SEARCH_PATHS = (
					"$(inherited)",
					"@executable_path/Frameworks",
					"@loader_path/Frameworks",
				);
				PRODUCT_BUNDLE_IDENTIFIER = com.work.NewsFeedUITests;
				PRODUCT_NAME = "$(TARGET_NAME)";
				SWIFT_VERSION = 5.0;
				TARGETED_DEVICE_FAMILY = "1,2";
				TEST_TARGET_NAME = NewsFeed;
			};
			name = Release;
		};
/* End XCBuildConfiguration section */

/* Begin XCConfigurationList section */
		B659133926531CCA0053046C /* Build configuration list for PBXProject "NewsFeed" */ = {
			isa = XCConfigurationList;
			buildConfigurations = (
				B659136626531CCC0053046C /* Debug */,
				B659136726531CCC0053046C /* Release */,
			);
			defaultConfigurationIsVisible = 0;
			defaultConfigurationName = Release;
		};
		B659136826531CCC0053046C /* Build configuration list for PBXNativeTarget "NewsFeed" */ = {
			isa = XCConfigurationList;
			buildConfigurations = (
				B659136926531CCC0053046C /* Debug */,
				B659136A26531CCC0053046C /* Release */,
			);
			defaultConfigurationIsVisible = 0;
			defaultConfigurationName = Release;
		};
		B659136B26531CCC0053046C /* Build configuration list for PBXNativeTarget "NewsFeedTests" */ = {
			isa = XCConfigurationList;
			buildConfigurations = (
				B659136C26531CCC0053046C /* Debug */,
				B659136D26531CCC0053046C /* Release */,
			);
			defaultConfigurationIsVisible = 0;
			defaultConfigurationName = Release;
		};
		B659136E26531CCC0053046C /* Build configuration list for PBXNativeTarget "NewsFeedUITests" */ = {
			isa = XCConfigurationList;
			buildConfigurations = (
				B659136F26531CCC0053046C /* Debug */,
				B659137026531CCC0053046C /* Release */,
			);
			defaultConfigurationIsVisible = 0;
			defaultConfigurationName = Release;
		};
/* End XCConfigurationList section */
	};
	rootObject = B659133626531CCA0053046C /* Project object */;
}
